
Microsoft Visual Studio Solution File, Format Version 12.00
# Visual Studio Version 16
VisualStudioVersion = 16.0.31729.503
MinimumVisualStudioVersion = 10.0.40219.1
Project("{2150E333-8FDC-42A3-9474-1A3956D46DE8}") = "Services", "Services", "{8976505B-955D-4ABB-A9FB-7565AB8DB25A}"
EndProject
Project("{2150E333-8FDC-42A3-9474-1A3956D46DE8}") = "Catalog", "Catalog", "{47284D52-CF15-4B37-A5A6-EDC5D8BABE15}"
EndProject
Project("{9A19103F-16F7-4668-BE54-9A1E7A4F7556}") = "Catalog.API", "Services\Catalog\Catalog.API\Catalog.API.csproj", "{74DD4AF1-4D39-482E-A3D0-0E729A9C7E27}"
EndProject
Project("{E53339B2-1760-4266-BCC7-CA923CBCF16C}") = "docker-compose", "docker-compose.dcproj", "{85945FB1-069E-48F4-A1CB-D875C28F1B45}"
EndProject
Project("{2150E333-8FDC-42A3-9474-1A3956D46DE8}") = "Basket", "Basket", "{B81FDCA8-249E-4DE9-AD2C-FCE5E88085C2}"
EndProject
Project("{9A19103F-16F7-4668-BE54-9A1E7A4F7556}") = "Basket.API", "Services\Basket\Basket.API\Basket.API.csproj", "{D52264DA-0498-4AE9-8A6B-63C80748940E}"
EndProject
Project("{2150E333-8FDC-42A3-9474-1A3956D46DE8}") = "Discount", "Discount", "{3B2DAEFC-4162-4CF1-8572-E05CEA2DABBA}"
EndProject
Project("{FAE04EC0-301F-11D3-BF4B-00C04F79EFBC}") = "Discount.API", "Services\Discount\Discount.API\Discount.API.csproj", "{A6AE3FFA-E91F-4AD4-851F-7572C9144DA6}"
EndProject
Project("{FAE04EC0-301F-11D3-BF4B-00C04F79EFBC}") = "Discount.Grpc", "Services\Discount\Discount.Grpc\Discount.Grpc.csproj", "{43F7C505-2411-46FD-A1F5-98F0CAD27887}"
EndProject
Global
	GlobalSection(SolutionConfigurationPlatforms) = preSolution
		Debug|Any CPU = Debug|Any CPU
		Release|Any CPU = Release|Any CPU
	EndGlobalSection
	GlobalSection(ProjectConfigurationPlatforms) = postSolution
		{74DD4AF1-4D39-482E-A3D0-0E729A9C7E27}.Debug|Any CPU.ActiveCfg = Debug|Any CPU
		{74DD4AF1-4D39-482E-A3D0-0E729A9C7E27}.Debug|Any CPU.Build.0 = Debug|Any CPU
		{74DD4AF1-4D39-482E-A3D0-0E729A9C7E27}.Release|Any CPU.ActiveCfg = Release|Any CPU
		{74DD4AF1-4D39-482E-A3D0-0E729A9C7E27}.Release|Any CPU.Build.0 = Release|Any CPU
		{85945FB1-069E-48F4-A1CB-D875C28F1B45}.Debug|Any CPU.ActiveCfg = Debug|Any CPU
		{85945FB1-069E-48F4-A1CB-D875C28F1B45}.Debug|Any CPU.Build.0 = Debug|Any CPU
		{85945FB1-069E-48F4-A1CB-D875C28F1B45}.Release|Any CPU.ActiveCfg = Release|Any CPU
		{85945FB1-069E-48F4-A1CB-D875C28F1B45}.Release|Any CPU.Build.0 = Release|Any CPU
		{D52264DA-0498-4AE9-8A6B-63C80748940E}.Debug|Any CPU.ActiveCfg = Debug|Any CPU
		{D52264DA-0498-4AE9-8A6B-63C80748940E}.Debug|Any CPU.Build.0 = Debug|Any CPU
		{D52264DA-0498-4AE9-8A6B-63C80748940E}.Release|Any CPU.ActiveCfg = Release|Any CPU
		{D52264DA-0498-4AE9-8A6B-63C80748940E}.Release|Any CPU.Build.0 = Release|Any CPU
		{A6AE3FFA-E91F-4AD4-851F-7572C9144DA6}.Debug|Any CPU.ActiveCfg = Debug|Any CPU
		{A6AE3FFA-E91F-4AD4-851F-7572C9144DA6}.Debug|Any CPU.Build.0 = Debug|Any CPU
		{A6AE3FFA-E91F-4AD4-851F-7572C9144DA6}.Release|Any CPU.ActiveCfg = Release|Any CPU
		{A6AE3FFA-E91F-4AD4-851F-7572C9144DA6}.Release|Any CPU.Build.0 = Release|Any CPU
		{43F7C505-2411-46FD-A1F5-98F0CAD27887}.Debug|Any CPU.ActiveCfg = Debug|Any CPU
		{43F7C505-2411-46FD-A1F5-98F0CAD27887}.Debug|Any CPU.Build.0 = Debug|Any CPU
		{43F7C505-2411-46FD-A1F5-98F0CAD27887}.Release|Any CPU.ActiveCfg = Release|Any CPU
		{43F7C505-2411-46FD-A1F5-98F0CAD27887}.Release|Any CPU.Build.0 = Release|Any CPU
	EndGlobalSection
	GlobalSection(SolutionProperties) = preSolution
		HideSolutionNode = FALSE
	EndGlobalSection
	GlobalSection(NestedProjects) = preSolution
		{47284D52-CF15-4B37-A5A6-EDC5D8BABE15} = {8976505B-955D-4ABB-A9FB-7565AB8DB25A}
		{74DD4AF1-4D39-482E-A3D0-0E729A9C7E27} = {47284D52-CF15-4B37-A5A6-EDC5D8BABE15}
		{B81FDCA8-249E-4DE9-AD2C-FCE5E88085C2} = {8976505B-955D-4ABB-A9FB-7565AB8DB25A}
		{D52264DA-0498-4AE9-8A6B-63C80748940E} = {B81FDCA8-249E-4DE9-AD2C-FCE5E88085C2}
		{3B2DAEFC-4162-4CF1-8572-E05CEA2DABBA} = {8976505B-955D-4ABB-A9FB-7565AB8DB25A}
		{A6AE3FFA-E91F-4AD4-851F-7572C9144DA6} = {3B2DAEFC-4162-4CF1-8572-E05CEA2DABBA}
		{43F7C505-2411-46FD-A1F5-98F0CAD27887} = {3B2DAEFC-4162-4CF1-8572-E05CEA2DABBA}
	EndGlobalSection
	GlobalSection(ExtensibilityGlobals) = postSolution
		SolutionGuid = {CBE6ABAE-6666-4AC6-8A08-B01FFA8A1B05}
	EndGlobalSection
EndGlobal
